// !$*UTF8*$!
{
	archiveVersion = 1;
	classes = {
	};
	objectVersion = 51;
	objects = {

/* Begin PBXBuildFile section */
		7EF2BCF7B8B0EA0C24083494 /* Pods_RunningBack.framework in Frameworks */ = {isa = PBXBuildFile; fileRef = 1E2FC7BE74675D51DA348B43 /* Pods_RunningBack.framework */; };
		A704A4762388A81800CA50A1 /* UserOrderCell.swift in Sources */ = {isa = PBXBuildFile; fileRef = A704A4752388A81800CA50A1 /* UserOrderCell.swift */; };
		A704A4782388C7B500CA50A1 /* OrderStatus.swift in Sources */ = {isa = PBXBuildFile; fileRef = A704A4772388C7B400CA50A1 /* OrderStatus.swift */; };
		A7060BC323868ECD00742FC4 /* Login.storyboard in Resources */ = {isa = PBXBuildFile; fileRef = A7060BC223868ECD00742FC4 /* Login.storyboard */; };
		A7060BC62386903300742FC4 /* LoginVC.swift in Sources */ = {isa = PBXBuildFile; fileRef = A7060BC52386903300742FC4 /* LoginVC.swift */; };
		A7060BC82386C21100742FC4 /* UserDetailVC.swift in Sources */ = {isa = PBXBuildFile; fileRef = A7060BC72386C21100742FC4 /* UserDetailVC.swift */; };
		A74EC4E5238A0AB6000451D3 /* User.swift in Sources */ = {isa = PBXBuildFile; fileRef = A74EC4E4238A0AB6000451D3 /* User.swift */; };
		A74EC4E9238A210B000451D3 /* ManageUpdateVC.swift in Sources */ = {isa = PBXBuildFile; fileRef = A74EC4E8238A210B000451D3 /* ManageUpdateVC.swift */; };
		A74EC4EB238A2B5F000451D3 /* ManageInsertVC.swift in Sources */ = {isa = PBXBuildFile; fileRef = A74EC4EA238A2B5F000451D3 /* ManageInsertVC.swift */; };
		A75479F5238E071800AB5876 /* AdTVC.swift in Sources */ = {isa = PBXBuildFile; fileRef = A75479F4238E071800AB5876 /* AdTVC.swift */; };
		A75479F7238E073100AB5876 /* AdCell.swift in Sources */ = {isa = PBXBuildFile; fileRef = A75479F6238E073100AB5876 /* AdCell.swift */; };
		A75479F9238E074400AB5876 /* Ad.swift in Sources */ = {isa = PBXBuildFile; fileRef = A75479F8238E074400AB5876 /* Ad.swift */; };
		A75479FB238E0E4F00AB5876 /* PlateTVC.swift in Sources */ = {isa = PBXBuildFile; fileRef = A75479FA238E0E4F00AB5876 /* PlateTVC.swift */; };
		A77AB74B23895FA2008C6FA8 /* Manage.swift in Sources */ = {isa = PBXBuildFile; fileRef = A77AB74A23895FA2008C6FA8 /* Manage.swift */; };
		A7867423238D0E9E00064293 /* Login.swift in Sources */ = {isa = PBXBuildFile; fileRef = A7867422238D0E9E00064293 /* Login.swift */; };
		A788537323897A9D00D545B4 /* ManageCell.swift in Sources */ = {isa = PBXBuildFile; fileRef = A788537223897A9D00D545B4 /* ManageCell.swift */; };
		A7C776EF2385705300018511 /* UserCell.swift in Sources */ = {isa = PBXBuildFile; fileRef = A7C776EE2385705300018511 /* UserCell.swift */; };
		A7C776F42385FC8600018511 /* UserListTVC.swift in Sources */ = {isa = PBXBuildFile; fileRef = A7C776F32385FC8600018511 /* UserListTVC.swift */; };
		A93186A623845CB7005D7E9A /* Admin.storyboard in Resources */ = {isa = PBXBuildFile; fileRef = A93186A523845CB7005D7E9A /* Admin.storyboard */; };
		A93186A823845E30005D7E9A /* AdminTVC.swift in Sources */ = {isa = PBXBuildFile; fileRef = A93186A723845E30005D7E9A /* AdminTVC.swift */; };
		A93186AC23856031005D7E9A /* Common.swift in Sources */ = {isa = PBXBuildFile; fileRef = A93186AB23856031005D7E9A /* Common.swift */; };
		A93668F9238456D900088087 /* ad.storyboard in Resources */ = {isa = PBXBuildFile; fileRef = A93668F8238456D900088087 /* ad.storyboard */; };
		A93668FC2384590500088087 /* User.storyboard in Resources */ = {isa = PBXBuildFile; fileRef = A93668FB2384590500088087 /* User.storyboard */; };
		A97F443B238459EE00620E96 /* Product.storyboard in Resources */ = {isa = PBXBuildFile; fileRef = A97F443A238459EE00620E96 /* Product.storyboard */; };
		A97F443D23845A2700620E96 /* Order.storyboard in Resources */ = {isa = PBXBuildFile; fileRef = A97F443C23845A2700620E96 /* Order.storyboard */; };
		A97F443F23845AA400620E96 /* Sale.storyboard in Resources */ = {isa = PBXBuildFile; fileRef = A97F443E23845AA400620E96 /* Sale.storyboard */; };
		A97F444323845B6E00620E96 /* AdminNC.swift in Sources */ = {isa = PBXBuildFile; fileRef = A97F444223845B6E00620E96 /* AdminNC.swift */; };
		A97F444523845BA800620E96 /* MainTBC.swift in Sources */ = {isa = PBXBuildFile; fileRef = A97F444423845BA800620E96 /* MainTBC.swift */; };
		A9C01CFB23842794008C6FE9 /* AppDelegate.swift in Sources */ = {isa = PBXBuildFile; fileRef = A9C01CFA23842794008C6FE9 /* AppDelegate.swift */; };
		A9C01CFD23842794008C6FE9 /* SceneDelegate.swift in Sources */ = {isa = PBXBuildFile; fileRef = A9C01CFC23842794008C6FE9 /* SceneDelegate.swift */; };
		A9C01D0223842794008C6FE9 /* Main.storyboard in Resources */ = {isa = PBXBuildFile; fileRef = A9C01D0023842794008C6FE9 /* Main.storyboard */; };
		A9C01D0423842795008C6FE9 /* Assets.xcassets in Resources */ = {isa = PBXBuildFile; fileRef = A9C01D0323842795008C6FE9 /* Assets.xcassets */; };
		A9C01D0723842795008C6FE9 /* LaunchScreen.storyboard in Resources */ = {isa = PBXBuildFile; fileRef = A9C01D0523842795008C6FE9 /* LaunchScreen.storyboard */; };
/* End PBXBuildFile section */

/* Begin PBXFileReference section */
		1E2FC7BE74675D51DA348B43 /* Pods_RunningBack.framework */ = {isa = PBXFileReference; explicitFileType = wrapper.framework; includeInIndex = 0; path = Pods_RunningBack.framework; sourceTree = BUILT_PRODUCTS_DIR; };
		4583C01A067B648F48B0FE72 /* Pods-RunningBack.release.xcconfig */ = {isa = PBXFileReference; includeInIndex = 1; lastKnownFileType = text.xcconfig; name = "Pods-RunningBack.release.xcconfig"; path = "Target Support Files/Pods-RunningBack/Pods-RunningBack.release.xcconfig"; sourceTree = "<group>"; };
		A704A4752388A81800CA50A1 /* UserOrderCell.swift */ = {isa = PBXFileReference; lastKnownFileType = sourcecode.swift; path = UserOrderCell.swift; sourceTree = "<group>"; };
		A704A4772388C7B400CA50A1 /* OrderStatus.swift */ = {isa = PBXFileReference; lastKnownFileType = sourcecode.swift; path = OrderStatus.swift; sourceTree = "<group>"; };
		A7060BC223868ECD00742FC4 /* Login.storyboard */ = {isa = PBXFileReference; lastKnownFileType = file.storyboard; path = Login.storyboard; sourceTree = "<group>"; };
		A7060BC52386903300742FC4 /* LoginVC.swift */ = {isa = PBXFileReference; lastKnownFileType = sourcecode.swift; path = LoginVC.swift; sourceTree = "<group>"; };
		A7060BC72386C21100742FC4 /* UserDetailVC.swift */ = {isa = PBXFileReference; lastKnownFileType = sourcecode.swift; path = UserDetailVC.swift; sourceTree = "<group>"; };
		A74EC4E4238A0AB6000451D3 /* User.swift */ = {isa = PBXFileReference; fileEncoding = 4; lastKnownFileType = sourcecode.swift; path = User.swift; sourceTree = "<group>"; };
		A74EC4E8238A210B000451D3 /* ManageUpdateVC.swift */ = {isa = PBXFileReference; lastKnownFileType = sourcecode.swift; path = ManageUpdateVC.swift; sourceTree = "<group>"; };
		A74EC4EA238A2B5F000451D3 /* ManageInsertVC.swift */ = {isa = PBXFileReference; lastKnownFileType = sourcecode.swift; path = ManageInsertVC.swift; sourceTree = "<group>"; };
		A75479F4238E071800AB5876 /* AdTVC.swift */ = {isa = PBXFileReference; lastKnownFileType = sourcecode.swift; path = AdTVC.swift; sourceTree = "<group>"; };
		A75479F6238E073100AB5876 /* AdCell.swift */ = {isa = PBXFileReference; lastKnownFileType = sourcecode.swift; path = AdCell.swift; sourceTree = "<group>"; };
		A75479F8238E074400AB5876 /* Ad.swift */ = {isa = PBXFileReference; lastKnownFileType = sourcecode.swift; path = Ad.swift; sourceTree = "<group>"; };
		A75479FA238E0E4F00AB5876 /* PlateTVC.swift */ = {isa = PBXFileReference; lastKnownFileType = sourcecode.swift; path = PlateTVC.swift; sourceTree = "<group>"; };
		A77AB74A23895FA2008C6FA8 /* Manage.swift */ = {isa = PBXFileReference; lastKnownFileType = sourcecode.swift; path = Manage.swift; sourceTree = "<group>"; };
		A7867422238D0E9E00064293 /* Login.swift */ = {isa = PBXFileReference; lastKnownFileType = sourcecode.swift; path = Login.swift; sourceTree = "<group>"; };
		A788537223897A9D00D545B4 /* ManageCell.swift */ = {isa = PBXFileReference; lastKnownFileType = sourcecode.swift; path = ManageCell.swift; sourceTree = "<group>"; };
		A7C776EE2385705300018511 /* UserCell.swift */ = {isa = PBXFileReference; lastKnownFileType = sourcecode.swift; path = UserCell.swift; sourceTree = "<group>"; };
		A7C776F32385FC8600018511 /* UserListTVC.swift */ = {isa = PBXFileReference; lastKnownFileType = sourcecode.swift; path = UserListTVC.swift; sourceTree = "<group>"; };
		A93186A523845CB7005D7E9A /* Admin.storyboard */ = {isa = PBXFileReference; lastKnownFileType = file.storyboard; path = Admin.storyboard; sourceTree = "<group>"; };
		A93186A723845E30005D7E9A /* AdminTVC.swift */ = {isa = PBXFileReference; lastKnownFileType = sourcecode.swift; path = AdminTVC.swift; sourceTree = "<group>"; };
		A93186AB23856031005D7E9A /* Common.swift */ = {isa = PBXFileReference; lastKnownFileType = sourcecode.swift; path = Common.swift; sourceTree = "<group>"; };
		A93668F8238456D900088087 /* ad.storyboard */ = {isa = PBXFileReference; lastKnownFileType = file.storyboard; path = ad.storyboard; sourceTree = "<group>"; };
		A93668FB2384590500088087 /* User.storyboard */ = {isa = PBXFileReference; lastKnownFileType = file.storyboard; path = User.storyboard; sourceTree = "<group>"; };
		A97F443A238459EE00620E96 /* Product.storyboard */ = {isa = PBXFileReference; lastKnownFileType = file.storyboard; path = Product.storyboard; sourceTree = "<group>"; };
		A97F443C23845A2700620E96 /* Order.storyboard */ = {isa = PBXFileReference; lastKnownFileType = file.storyboard; path = Order.storyboard; sourceTree = "<group>"; };
		A97F443E23845AA400620E96 /* Sale.storyboard */ = {isa = PBXFileReference; lastKnownFileType = file.storyboard; path = Sale.storyboard; sourceTree = "<group>"; };
		A97F444223845B6E00620E96 /* AdminNC.swift */ = {isa = PBXFileReference; lastKnownFileType = sourcecode.swift; path = AdminNC.swift; sourceTree = "<group>"; };
		A97F444423845BA800620E96 /* MainTBC.swift */ = {isa = PBXFileReference; lastKnownFileType = sourcecode.swift; path = MainTBC.swift; sourceTree = "<group>"; };
		A9C01CF723842794008C6FE9 /* RunningBack.app */ = {isa = PBXFileReference; explicitFileType = wrapper.application; includeInIndex = 0; path = RunningBack.app; sourceTree = BUILT_PRODUCTS_DIR; };
		A9C01CFA23842794008C6FE9 /* AppDelegate.swift */ = {isa = PBXFileReference; lastKnownFileType = sourcecode.swift; path = AppDelegate.swift; sourceTree = "<group>"; };
		A9C01CFC23842794008C6FE9 /* SceneDelegate.swift */ = {isa = PBXFileReference; lastKnownFileType = sourcecode.swift; path = SceneDelegate.swift; sourceTree = "<group>"; };
		A9C01D0123842794008C6FE9 /* Base */ = {isa = PBXFileReference; lastKnownFileType = file.storyboard; name = Base; path = Base.lproj/Main.storyboard; sourceTree = "<group>"; };
		A9C01D0323842795008C6FE9 /* Assets.xcassets */ = {isa = PBXFileReference; lastKnownFileType = folder.assetcatalog; path = Assets.xcassets; sourceTree = "<group>"; };
		A9C01D0623842795008C6FE9 /* Base */ = {isa = PBXFileReference; lastKnownFileType = file.storyboard; name = Base; path = Base.lproj/LaunchScreen.storyboard; sourceTree = "<group>"; };
		A9C01D0823842795008C6FE9 /* Info.plist */ = {isa = PBXFileReference; lastKnownFileType = text.plist.xml; path = Info.plist; sourceTree = "<group>"; };
		B1B9C8657C064E2086C602E1 /* Pods-RunningBack.debug.xcconfig */ = {isa = PBXFileReference; includeInIndex = 1; lastKnownFileType = text.xcconfig; name = "Pods-RunningBack.debug.xcconfig"; path = "Target Support Files/Pods-RunningBack/Pods-RunningBack.debug.xcconfig"; sourceTree = "<group>"; };
/* End PBXFileReference section */

/* Begin PBXFrameworksBuildPhase section */
		A9C01CF423842794008C6FE9 /* Frameworks */ = {
			isa = PBXFrameworksBuildPhase;
			buildActionMask = 2147483647;
			files = (
				7EF2BCF7B8B0EA0C24083494 /* Pods_RunningBack.framework in Frameworks */,
			);
			runOnlyForDeploymentPostprocessing = 0;
		};
/* End PBXFrameworksBuildPhase section */

/* Begin PBXGroup section */
		27BA81C132C4F13FAAD363EB /* Frameworks */ = {
			isa = PBXGroup;
			children = (
				1E2FC7BE74675D51DA348B43 /* Pods_RunningBack.framework */,
			);
			name = Frameworks;
			sourceTree = "<group>";
		};
		376CB0001C818052E46BFB2C /* Pods */ = {
			isa = PBXGroup;
			children = (
				B1B9C8657C064E2086C602E1 /* Pods-RunningBack.debug.xcconfig */,
				4583C01A067B648F48B0FE72 /* Pods-RunningBack.release.xcconfig */,
			);
			path = Pods;
			sourceTree = "<group>";
		};
		A7060BC423868ED400742FC4 /* Login */ = {
			isa = PBXGroup;
			children = (
				A7060BC223868ECD00742FC4 /* Login.storyboard */,
				A7060BC52386903300742FC4 /* LoginVC.swift */,
				A7867422238D0E9E00064293 /* Login.swift */,
			);
			path = Login;
			sourceTree = "<group>";
		};
		A75479F3238E06EC00AB5876 /* Advertisement */ = {
			isa = PBXGroup;
			children = (
				A93668F8238456D900088087 /* ad.storyboard */,
				A75479F4238E071800AB5876 /* AdTVC.swift */,
				A75479F6238E073100AB5876 /* AdCell.swift */,
				A75479F8238E074400AB5876 /* Ad.swift */,
			);
			path = Advertisement;
			sourceTree = "<group>";
		};
		A77AB74923895F8B008C6FA8 /* Admin */ = {
			isa = PBXGroup;
			children = (
				A93186A523845CB7005D7E9A /* Admin.storyboard */,
				A77AB74A23895FA2008C6FA8 /* Manage.swift */,
				A74EC4EA238A2B5F000451D3 /* ManageInsertVC.swift */,
				A97F444223845B6E00620E96 /* AdminNC.swift */,
				A93186A723845E30005D7E9A /* AdminTVC.swift */,
				A74EC4E8238A210B000451D3 /* ManageUpdateVC.swift */,
				A788537223897A9D00D545B4 /* ManageCell.swift */,
			);
			path = Admin;
			sourceTree = "<group>";
		};
		A7C776F02385706300018511 /* User */ = {
			isa = PBXGroup;
			children = (
				A93668FB2384590500088087 /* User.storyboard */,
				A74EC4E4238A0AB6000451D3 /* User.swift */,
				A7C776EE2385705300018511 /* UserCell.swift */,
				A7C776F32385FC8600018511 /* UserListTVC.swift */,
				A7060BC72386C21100742FC4 /* UserDetailVC.swift */,
				A704A4752388A81800CA50A1 /* UserOrderCell.swift */,
				A704A4772388C7B400CA50A1 /* OrderStatus.swift */,
			);
			path = User;
			sourceTree = "<group>";
		};
		A93186AD23856036005D7E9A /* Common */ = {
			isa = PBXGroup;
			children = (
				A93186AB23856031005D7E9A /* Common.swift */,
				A75479FA238E0E4F00AB5876 /* PlateTVC.swift */,
			);
			path = Common;
			sourceTree = "<group>";
		};
		A93668FA238458B700088087 /* storyboard */ = {
			isa = PBXGroup;
			children = (
				A9C01D0023842794008C6FE9 /* Main.storyboard */,
				A97F443E23845AA400620E96 /* Sale.storyboard */,
				A97F443C23845A2700620E96 /* Order.storyboard */,
				A97F443A238459EE00620E96 /* Product.storyboard */,
			);
			path = storyboard;
			sourceTree = "<group>";
		};
		A9C01CEE23842794008C6FE9 = {
			isa = PBXGroup;
			children = (
				A9C01CF923842794008C6FE9 /* RunningBack */,
				A9C01CF823842794008C6FE9 /* Products */,
				376CB0001C818052E46BFB2C /* Pods */,
				27BA81C132C4F13FAAD363EB /* Frameworks */,
			);
			sourceTree = "<group>";
		};
		A9C01CF823842794008C6FE9 /* Products */ = {
			isa = PBXGroup;
			children = (
				A9C01CF723842794008C6FE9 /* RunningBack.app */,
			);
			name = Products;
			sourceTree = "<group>";
		};
		A9C01CF923842794008C6FE9 /* RunningBack */ = {
			isa = PBXGroup;
			children = (
				A75479F3238E06EC00AB5876 /* Advertisement */,
				A77AB74923895F8B008C6FA8 /* Admin */,
				A7C776F02385706300018511 /* User */,
				A93186AD23856036005D7E9A /* Common */,
				A9C01CFA23842794008C6FE9 /* AppDelegate.swift */,
				A9C01CFC23842794008C6FE9 /* SceneDelegate.swift */,
				A7060BC423868ED400742FC4 /* Login */,
				A97F444423845BA800620E96 /* MainTBC.swift */,
				A93668FA238458B700088087 /* storyboard */,
				A9C01D0323842795008C6FE9 /* Assets.xcassets */,
				A9C01D0523842795008C6FE9 /* LaunchScreen.storyboard */,
				A9C01D0823842795008C6FE9 /* Info.plist */,
			);
			path = RunningBack;
			sourceTree = "<group>";
		};
/* End PBXGroup section */

/* Begin PBXNativeTarget section */
		A9C01CF623842794008C6FE9 /* RunningBack */ = {
			isa = PBXNativeTarget;
			buildConfigurationList = A9C01D0B23842795008C6FE9 /* Build configuration list for PBXNativeTarget "RunningBack" */;
			buildPhases = (
				0DA318C91E2DDE267274A918 /* [CP] Check Pods Manifest.lock */,
				A9C01CF323842794008C6FE9 /* Sources */,
				A9C01CF423842794008C6FE9 /* Frameworks */,
				A9C01CF523842794008C6FE9 /* Resources */,
				46A352381465D45421F94D91 /* [CP] Embed Pods Frameworks */,
			);
			buildRules = (
			);
			dependencies = (
			);
			name = RunningBack;
			productName = RunningBack;
			productReference = A9C01CF723842794008C6FE9 /* RunningBack.app */;
			productType = "com.apple.product-type.application";
		};
/* End PBXNativeTarget section */

/* Begin PBXProject section */
		A9C01CEF23842794008C6FE9 /* Project object */ = {
			isa = PBXProject;
			attributes = {
				LastSwiftUpdateCheck = 1120;
				LastUpgradeCheck = 1120;
				ORGANIZATIONNAME = g2;
				TargetAttributes = {
					A9C01CF623842794008C6FE9 = {
						CreatedOnToolsVersion = 11.2.1;
					};
				};
			};
			buildConfigurationList = A9C01CF223842794008C6FE9 /* Build configuration list for PBXProject "RunningBack" */;
			compatibilityVersion = "Xcode 9.3";
			developmentRegion = en;
			hasScannedForEncodings = 0;
			knownRegions = (
				en,
				Base,
			);
			mainGroup = A9C01CEE23842794008C6FE9;
			productRefGroup = A9C01CF823842794008C6FE9 /* Products */;
			projectDirPath = "";
			projectRoot = "";
			targets = (
				A9C01CF623842794008C6FE9 /* RunningBack */,
			);
		};
/* End PBXProject section */

/* Begin PBXResourcesBuildPhase section */
		A9C01CF523842794008C6FE9 /* Resources */ = {
			isa = PBXResourcesBuildPhase;
			buildActionMask = 2147483647;
			files = (
				A9C01D0723842795008C6FE9 /* LaunchScreen.storyboard in Resources */,
				A93668FC2384590500088087 /* User.storyboard in Resources */,
				A93668F9238456D900088087 /* ad.storyboard in Resources */,
				A97F443F23845AA400620E96 /* Sale.storyboard in Resources */,
				A9C01D0423842795008C6FE9 /* Assets.xcassets in Resources */,
				A97F443D23845A2700620E96 /* Order.storyboard in Resources */,
				A97F443B238459EE00620E96 /* Product.storyboard in Resources */,
				A93186A623845CB7005D7E9A /* Admin.storyboard in Resources */,
				A7060BC323868ECD00742FC4 /* Login.storyboard in Resources */,
				A9C01D0223842794008C6FE9 /* Main.storyboard in Resources */,
			);
			runOnlyForDeploymentPostprocessing = 0;
		};
/* End PBXResourcesBuildPhase section */

/* Begin PBXShellScriptBuildPhase section */
		0DA318C91E2DDE267274A918 /* [CP] Check Pods Manifest.lock */ = {
			isa = PBXShellScriptBuildPhase;
			buildActionMask = 2147483647;
			files = (
			);
			inputFileListPaths = (
			);
			inputPaths = (
				"${PODS_PODFILE_DIR_PATH}/Podfile.lock",
				"${PODS_ROOT}/Manifest.lock",
			);
			name = "[CP] Check Pods Manifest.lock";
			outputFileListPaths = (
			);
			outputPaths = (
				"$(DERIVED_FILE_DIR)/Pods-RunningBack-checkManifestLockResult.txt",
			);
			runOnlyForDeploymentPostprocessing = 0;
			shellPath = /bin/sh;
			shellScript = "diff \"${PODS_PODFILE_DIR_PATH}/Podfile.lock\" \"${PODS_ROOT}/Manifest.lock\" > /dev/null\nif [ $? != 0 ] ; then\n    # print error to STDERR\n    echo \"error: The sandbox is not in sync with the Podfile.lock. Run 'pod install' or update your CocoaPods installation.\" >&2\n    exit 1\nfi\n# This output is used by Xcode 'outputs' to avoid re-running this script phase.\necho \"SUCCESS\" > \"${SCRIPT_OUTPUT_FILE_0}\"\n";
			showEnvVarsInLog = 0;
		};
		46A352381465D45421F94D91 /* [CP] Embed Pods Frameworks */ = {
			isa = PBXShellScriptBuildPhase;
			buildActionMask = 2147483647;
			files = (
			);
			inputFileListPaths = (
				"${PODS_ROOT}/Target Support Files/Pods-RunningBack/Pods-RunningBack-frameworks-${CONFIGURATION}-input-files.xcfilelist",
			);
			name = "[CP] Embed Pods Frameworks";
			outputFileListPaths = (
				"${PODS_ROOT}/Target Support Files/Pods-RunningBack/Pods-RunningBack-frameworks-${CONFIGURATION}-output-files.xcfilelist",
			);
			runOnlyForDeploymentPostprocessing = 0;
			shellPath = /bin/sh;
			shellScript = "\"${PODS_ROOT}/Target Support Files/Pods-RunningBack/Pods-RunningBack-frameworks.sh\"\n";
			showEnvVarsInLog = 0;
		};
/* End PBXShellScriptBuildPhase section */

/* Begin PBXSourcesBuildPhase section */
		A9C01CF323842794008C6FE9 /* Sources */ = {
			isa = PBXSourcesBuildPhase;
			buildActionMask = 2147483647;
			files = (
				A75479F7238E073100AB5876 /* AdCell.swift in Sources */,
				A7060BC62386903300742FC4 /* LoginVC.swift in Sources */,
				A97F444523845BA800620E96 /* MainTBC.swift in Sources */,
				A74EC4EB238A2B5F000451D3 /* ManageInsertVC.swift in Sources */,
				A704A4762388A81800CA50A1 /* UserOrderCell.swift in Sources */,
				A74EC4E5238A0AB6000451D3 /* User.swift in Sources */,
				A788537323897A9D00D545B4 /* ManageCell.swift in Sources */,
				A97F444323845B6E00620E96 /* AdminNC.swift in Sources */,
				A7060BC82386C21100742FC4 /* UserDetailVC.swift in Sources */,
				A9C01CFB23842794008C6FE9 /* AppDelegate.swift in Sources */,
				A74EC4E9238A210B000451D3 /* ManageUpdateVC.swift in Sources */,
				A75479F9238E074400AB5876 /* Ad.swift in Sources */,
				A7C776EF2385705300018511 /* UserCell.swift in Sources */,
				A75479F5238E071800AB5876 /* AdTVC.swift in Sources */,
				A93186A823845E30005D7E9A /* AdminTVC.swift in Sources */,
				A7867423238D0E9E00064293 /* Login.swift in Sources */,
				A7C776F42385FC8600018511 /* UserListTVC.swift in Sources */,
				A9C01CFD23842794008C6FE9 /* SceneDelegate.swift in Sources */,
				A704A4782388C7B500CA50A1 /* OrderStatus.swift in Sources */,
				A77AB74B23895FA2008C6FA8 /* Manage.swift in Sources */,
				A93186AC23856031005D7E9A /* Common.swift in Sources */,
				A75479FB238E0E4F00AB5876 /* PlateTVC.swift in Sources */,
			);
			runOnlyForDeploymentPostprocessing = 0;
		};
/* End PBXSourcesBuildPhase section */

/* Begin PBXVariantGroup section */
		A9C01D0023842794008C6FE9 /* Main.storyboard */ = {
			isa = PBXVariantGroup;
			children = (
				A9C01D0123842794008C6FE9 /* Base */,
			);
			name = Main.storyboard;
			sourceTree = "<group>";
		};
		A9C01D0523842795008C6FE9 /* LaunchScreen.storyboard */ = {
			isa = PBXVariantGroup;
			children = (
				A9C01D0623842795008C6FE9 /* Base */,
			);
			name = LaunchScreen.storyboard;
			sourceTree = "<group>";
		};
/* End PBXVariantGroup section */

/* Begin XCBuildConfiguration section */
		A9C01D0923842795008C6FE9 /* Debug */ = {
			isa = XCBuildConfiguration;
			buildSettings = {
				ALWAYS_SEARCH_USER_PATHS = NO;
				CLANG_ANALYZER_NONNULL = YES;
				CLANG_ANALYZER_NUMBER_OBJECT_CONVERSION = YES_AGGRESSIVE;
				CLANG_CXX_LANGUAGE_STANDARD = "gnu++14";
				CLANG_CXX_LIBRARY = "libc++";
				CLANG_ENABLE_MODULES = YES;
				CLANG_ENABLE_OBJC_ARC = YES;
				CLANG_ENABLE_OBJC_WEAK = YES;
				CLANG_WARN_BLOCK_CAPTURE_AUTORELEASING = YES;
				CLANG_WARN_BOOL_CONVERSION = YES;
				CLANG_WARN_COMMA = YES;
				CLANG_WARN_CONSTANT_CONVERSION = YES;
				CLANG_WARN_DEPRECATED_OBJC_IMPLEMENTATIONS = YES;
				CLANG_WARN_DIRECT_OBJC_ISA_USAGE = YES_ERROR;
				CLANG_WARN_DOCUMENTATION_COMMENTS = YES;
				CLANG_WARN_EMPTY_BODY = YES;
				CLANG_WARN_ENUM_CONVERSION = YES;
				CLANG_WARN_INFINITE_RECURSION = YES;
				CLANG_WARN_INT_CONVERSION = YES;
				CLANG_WARN_NON_LITERAL_NULL_CONVERSION = YES;
				CLANG_WARN_OBJC_IMPLICIT_RETAIN_SELF = YES;
				CLANG_WARN_OBJC_LITERAL_CONVERSION = YES;
				CLANG_WARN_OBJC_ROOT_CLASS = YES_ERROR;
				CLANG_WARN_RANGE_LOOP_ANALYSIS = YES;
				CLANG_WARN_STRICT_PROTOTYPES = YES;
				CLANG_WARN_SUSPICIOUS_MOVE = YES;
				CLANG_WARN_UNGUARDED_AVAILABILITY = YES_AGGRESSIVE;
				CLANG_WARN_UNREACHABLE_CODE = YES;
				CLANG_WARN__DUPLICATE_METHOD_MATCH = YES;
				COPY_PHASE_STRIP = NO;
				DEBUG_INFORMATION_FORMAT = dwarf;
				ENABLE_STRICT_OBJC_MSGSEND = YES;
				ENABLE_TESTABILITY = YES;
				GCC_C_LANGUAGE_STANDARD = gnu11;
				GCC_DYNAMIC_NO_PIC = NO;
				GCC_NO_COMMON_BLOCKS = YES;
				GCC_OPTIMIZATION_LEVEL = 0;
				GCC_PREPROCESSOR_DEFINITIONS = (
					"DEBUG=1",
					"$(inherited)",
				);
				GCC_WARN_64_TO_32_BIT_CONVERSION = YES;
				GCC_WARN_ABOUT_RETURN_TYPE = YES_ERROR;
				GCC_WARN_UNDECLARED_SELECTOR = YES;
				GCC_WARN_UNINITIALIZED_AUTOS = YES_AGGRESSIVE;
				GCC_WARN_UNUSED_FUNCTION = YES;
				GCC_WARN_UNUSED_VARIABLE = YES;
				IPHONEOS_DEPLOYMENT_TARGET = 13.2;
				MTL_ENABLE_DEBUG_INFO = INCLUDE_SOURCE;
				MTL_FAST_MATH = YES;
				ONLY_ACTIVE_ARCH = YES;
				SDKROOT = iphoneos;
				SWIFT_ACTIVE_COMPILATION_CONDITIONS = DEBUG;
				SWIFT_OPTIMIZATION_LEVEL = "-Onone";
			};
			name = Debug;
		};
		A9C01D0A23842795008C6FE9 /* Release */ = {
			isa = XCBuildConfiguration;
			buildSettings = {
				ALWAYS_SEARCH_USER_PATHS = NO;
				CLANG_ANALYZER_NONNULL = YES;
				CLANG_ANALYZER_NUMBER_OBJECT_CONVERSION = YES_AGGRESSIVE;
				CLANG_CXX_LANGUAGE_STANDARD = "gnu++14";
				CLANG_CXX_LIBRARY = "libc++";
				CLANG_ENABLE_MODULES = YES;
				CLANG_ENABLE_OBJC_ARC = YES;
				CLANG_ENABLE_OBJC_WEAK = YES;
				CLANG_WARN_BLOCK_CAPTURE_AUTORELEASING = YES;
				CLANG_WARN_BOOL_CONVERSION = YES;
				CLANG_WARN_COMMA = YES;
				CLANG_WARN_CONSTANT_CONVERSION = YES;
				CLANG_WARN_DEPRECATED_OBJC_IMPLEMENTATIONS = YES;
				CLANG_WARN_DIRECT_OBJC_ISA_USAGE = YES_ERROR;
				CLANG_WARN_DOCUMENTATION_COMMENTS = YES;
				CLANG_WARN_EMPTY_BODY = YES;
				CLANG_WARN_ENUM_CONVERSION = YES;
				CLANG_WARN_INFINITE_RECURSION = YES;
				CLANG_WARN_INT_CONVERSION = YES;
				CLANG_WARN_NON_LITERAL_NULL_CONVERSION = YES;
				CLANG_WARN_OBJC_IMPLICIT_RETAIN_SELF = YES;
				CLANG_WARN_OBJC_LITERAL_CONVERSION = YES;
				CLANG_WARN_OBJC_ROOT_CLASS = YES_ERROR;
				CLANG_WARN_RANGE_LOOP_ANALYSIS = YES;
				CLANG_WARN_STRICT_PROTOTYPES = YES;
				CLANG_WARN_SUSPICIOUS_MOVE = YES;
				CLANG_WARN_UNGUARDED_AVAILABILITY = YES_AGGRESSIVE;
				CLANG_WARN_UNREACHABLE_CODE = YES;
				CLANG_WARN__DUPLICATE_METHOD_MATCH = YES;
				COPY_PHASE_STRIP = NO;
				DEBUG_INFORMATION_FORMAT = "dwarf-with-dsym";
				ENABLE_NS_ASSERTIONS = NO;
				ENABLE_STRICT_OBJC_MSGSEND = YES;
				GCC_C_LANGUAGE_STANDARD = gnu11;
				GCC_NO_COMMON_BLOCKS = YES;
				GCC_WARN_64_TO_32_BIT_CONVERSION = YES;
				GCC_WARN_ABOUT_RETURN_TYPE = YES_ERROR;
				GCC_WARN_UNDECLARED_SELECTOR = YES;
				GCC_WARN_UNINITIALIZED_AUTOS = YES_AGGRESSIVE;
				GCC_WARN_UNUSED_FUNCTION = YES;
				GCC_WARN_UNUSED_VARIABLE = YES;
				IPHONEOS_DEPLOYMENT_TARGET = 13.2;
				MTL_ENABLE_DEBUG_INFO = NO;
				MTL_FAST_MATH = YES;
				SDKROOT = iphoneos;
				SWIFT_COMPILATION_MODE = wholemodule;
				SWIFT_OPTIMIZATION_LEVEL = "-O";
				VALIDATE_PRODUCT = YES;
			};
			name = Release;
		};
		A9C01D0C23842795008C6FE9 /* Debug */ = {
			isa = XCBuildConfiguration;
			baseConfigurationReference = B1B9C8657C064E2086C602E1 /* Pods-RunningBack.debug.xcconfig */;
			buildSettings = {
				ASSETCATALOG_COMPILER_APPICON_NAME = AppIcon;
				CODE_SIGN_STYLE = Automatic;
				DEVELOPMENT_TEAM = 83G69X7NQR;
				INFOPLIST_FILE = RunningBack/Info.plist;
				LD_RUNPATH_SEARCH_PATHS = (
					"$(inherited)",
					"@executable_path/Frameworks",
				);
				PRODUCT_BUNDLE_IDENTIFIER = com.g2.RunningBack;
				PRODUCT_NAME = "$(TARGET_NAME)";
				SWIFT_VERSION = 5.0;
				TARGETED_DEVICE_FAMILY = "1,2";
			};
			name = Debug;
		};
		A9C01D0D23842795008C6FE9 /* Release */ = {
			isa = XCBuildConfiguration;
			baseConfigurationReference = 4583C01A067B648F48B0FE72 /* Pods-RunningBack.release.xcconfig */;
			buildSettings = {
				ASSETCATALOG_COMPILER_APPICON_NAME = AppIcon;
				CODE_SIGN_STYLE = Automatic;
				DEVELOPMENT_TEAM = 83G69X7NQR;
				INFOPLIST_FILE = RunningBack/Info.plist;
				LD_RUNPATH_SEARCH_PATHS = (
					"$(inherited)",
					"@executable_path/Frameworks",
				);
				PRODUCT_BUNDLE_IDENTIFIER = com.g2.RunningBack;
				PRODUCT_NAME = "$(TARGET_NAME)";
				SWIFT_VERSION = 5.0;
				TARGETED_DEVICE_FAMILY = "1,2";
			};
			name = Release;
		};
/* End XCBuildConfiguration section */

/* Begin XCConfigurationList section */
		A9C01CF223842794008C6FE9 /* Build configuration list for PBXProject "RunningBack" */ = {
			isa = XCConfigurationList;
			buildConfigurations = (
				A9C01D0923842795008C6FE9 /* Debug */,
				A9C01D0A23842795008C6FE9 /* Release */,
			);
			defaultConfigurationIsVisible = 0;
			defaultConfigurationName = Release;
		};
		A9C01D0B23842795008C6FE9 /* Build configuration list for PBXNativeTarget "RunningBack" */ = {
			isa = XCConfigurationList;
			buildConfigurations = (
				A9C01D0C23842795008C6FE9 /* Debug */,
				A9C01D0D23842795008C6FE9 /* Release */,
			);
			defaultConfigurationIsVisible = 0;
			defaultConfigurationName = Release;
		};
/* End XCConfigurationList section */
	};
	rootObject = A9C01CEF23842794008C6FE9 /* Project object */;
}
